
Microsoft Visual Studio Solution File, Format Version 12.00
# Visual Studio Version 16
VisualStudioVersion = 16.0.31129.286
MinimumVisualStudioVersion = 10.0.40219.1
Project("{FAE04EC0-301F-11D3-BF4B-00C04F79EFBC}") = "Avanade.SubTCSE.Projeto.Api", "Avanade.SubTCSE.Projeto.Api\Avanade.SubTCSE.Projeto.Api.csproj", "{356DE1C1-3E14-44AC-8891-109D9518B85B}"
EndProject
Global
	GlobalSection(SolutionConfigurationPlatforms) = preSolution
		Debug|Any CPU = Debug|Any CPU
		Release|Any CPU = Release|Any CPU
	EndGlobalSection
	GlobalSection(ProjectConfigurationPlatforms) = postSolution
		{356DE1C1-3E14-44AC-8891-109D9518B85B}.Debug|Any CPU.ActiveCfg = Debug|Any CPU
		{356DE1C1-3E14-44AC-8891-109D9518B85B}.Debug|Any CPU.Build.0 = Debug|Any CPU
		{356DE1C1-3E14-44AC-8891-109D9518B85B}.Release|Any CPU.ActiveCfg = Release|Any CPU
		{356DE1C1-3E14-44AC-8891-109D9518B85B}.Release|Any CPU.Build.0 = Release|Any CPU
	EndGlobalSection
	GlobalSection(SolutionProperties) = preSolution
		HideSolutionNode = FALSE
	EndGlobalSection
	GlobalSection(ExtensibilityGlobals) = postSolution
		SolutionGuid = {90A60E89-DC27-4E8E-B07A-E08A783A8124}
	EndGlobalSection
EndGlobal
